
Microsoft Visual Studio Solution File, Format Version 12.00
# Visual Studio Version 16
VisualStudioVersion = 16.0.30804.86
MinimumVisualStudioVersion = 10.0.40219.1
Project("{FAE04EC0-301F-11D3-BF4B-00C04F79EFBC}") = "Core", "Core\Core.csproj", "{A2ED1879-50E9-47B3-B764-BC40D817833C}"
EndProject
Project("{FAE04EC0-301F-11D3-BF4B-00C04F79EFBC}") = "DataAccess", "DataAccess\DataAccess.csproj", "{E355FBEE-35DE-4B4C-ADF1-688C58E1A136}"
EndProject
Project("{FAE04EC0-301F-11D3-BF4B-00C04F79EFBC}") = "Entities", "Entities\Entities.csproj", "{4850BA54-2730-47B1-9596-C9B0ACA356CD}"
EndProject
Global
	GlobalSection(SolutionConfigurationPlatforms) = preSolution
		Debug|Any CPU = Debug|Any CPU
		Release|Any CPU = Release|Any CPU
	EndGlobalSection
	GlobalSection(ProjectConfigurationPlatforms) = postSolution
		{A2ED1879-50E9-47B3-B764-BC40D817833C}.Debug|Any CPU.ActiveCfg = Debug|Any CPU
		{A2ED1879-50E9-47B3-B764-BC40D817833C}.Debug|Any CPU.Build.0 = Debug|Any CPU
		{A2ED1879-50E9-47B3-B764-BC40D817833C}.Release|Any CPU.ActiveCfg = Release|Any CPU
		{A2ED1879-50E9-47B3-B764-BC40D817833C}.Release|Any CPU.Build.0 = Release|Any CPU
		{E355FBEE-35DE-4B4C-ADF1-688C58E1A136}.Debug|Any CPU.ActiveCfg = Debug|Any CPU
		{E355FBEE-35DE-4B4C-ADF1-688C58E1A136}.Debug|Any CPU.Build.0 = Debug|Any CPU
		{E355FBEE-35DE-4B4C-ADF1-688C58E1A136}.Release|Any CPU.ActiveCfg = Release|Any CPU
		{E355FBEE-35DE-4B4C-ADF1-688C58E1A136}.Release|Any CPU.Build.0 = Release|Any CPU
		{4850BA54-2730-47B1-9596-C9B0ACA356CD}.Debug|Any CPU.ActiveCfg = Debug|Any CPU
		{4850BA54-2730-47B1-9596-C9B0ACA356CD}.Debug|Any CPU.Build.0 = Debug|Any CPU
		{4850BA54-2730-47B1-9596-C9B0ACA356CD}.Release|Any CPU.ActiveCfg = Release|Any CPU
		{4850BA54-2730-47B1-9596-C9B0ACA356CD}.Release|Any CPU.Build.0 = Release|Any CPU
	EndGlobalSection
	GlobalSection(SolutionProperties) = preSolution
		HideSolutionNode = FALSE
	EndGlobalSection
	GlobalSection(ExtensibilityGlobals) = postSolution
		SolutionGuid = {60B07D37-2F42-48C6-AE3E-565DE844A340}
	EndGlobalSection
EndGlobal
